
Microsoft Visual Studio Solution File, Format Version 12.00
# Visual Studio Version 16
VisualStudioVersion = 16.0.29911.84
MinimumVisualStudioVersion = 10.0.40219.1
Project("{151D2E53-A2C4-4D7D-83FE-D05416EBD58E}") = "Recovery-Vault", "Recovery-Vault\Recovery-Vault.deployproj", "{35B5E874-BB27-44EF-AFB4-D42D62A2FB3D}"
EndProject
Global
	GlobalSection(SolutionConfigurationPlatforms) = preSolution
		Debug|Any CPU = Debug|Any CPU
		Release|Any CPU = Release|Any CPU
	EndGlobalSection
	GlobalSection(ProjectConfigurationPlatforms) = postSolution
		{35B5E874-BB27-44EF-AFB4-D42D62A2FB3D}.Debug|Any CPU.ActiveCfg = Debug|Any CPU
		{35B5E874-BB27-44EF-AFB4-D42D62A2FB3D}.Debug|Any CPU.Build.0 = Debug|Any CPU
		{35B5E874-BB27-44EF-AFB4-D42D62A2FB3D}.Release|Any CPU.ActiveCfg = Release|Any CPU
		{35B5E874-BB27-44EF-AFB4-D42D62A2FB3D}.Release|Any CPU.Build.0 = Release|Any CPU
	EndGlobalSection
	GlobalSection(SolutionProperties) = preSolution
		HideSolutionNode = FALSE
	EndGlobalSection
	GlobalSection(ExtensibilityGlobals) = postSolution
		SolutionGuid = {3DFE4D37-F7E8-4E23-A9AA-A82F131E37D0}
	EndGlobalSection
EndGlobal
